// !$*UTF8*$!
{
	archiveVersion = 1;
	classes = {
	};
	objectVersion = 55;
	objects = {

/* Begin PBXBuildFile section */
		CE2B32A4272B194D00E19B78 /* CommentsTableViewController.swift in Sources */ = {isa = PBXBuildFile; fileRef = CE2B32A3272B194D00E19B78 /* CommentsTableViewController.swift */; };
		CE2B32A6272B1BA200E19B78 /* Model.swift in Sources */ = {isa = PBXBuildFile; fileRef = CE2B32A5272B1BA200E19B78 /* Model.swift */; };
		CEA443C9272A63CD0066FF93 /* AppDelegate.swift in Sources */ = {isa = PBXBuildFile; fileRef = CEA443C8272A63CD0066FF93 /* AppDelegate.swift */; };
		CEA443CB272A63CD0066FF93 /* SceneDelegate.swift in Sources */ = {isa = PBXBuildFile; fileRef = CEA443CA272A63CD0066FF93 /* SceneDelegate.swift */; };
		CEA443D0272A63CD0066FF93 /* Main.storyboard in Resources */ = {isa = PBXBuildFile; fileRef = CEA443CE272A63CD0066FF93 /* Main.storyboard */; };
		CEA443D2272A63D20066FF93 /* Assets.xcassets in Resources */ = {isa = PBXBuildFile; fileRef = CEA443D1272A63D20066FF93 /* Assets.xcassets */; };
		CEA443D5272A63D20066FF93 /* LaunchScreen.storyboard in Resources */ = {isa = PBXBuildFile; fileRef = CEA443D3272A63D20066FF93 /* LaunchScreen.storyboard */; };
		CEA443DE272A64060066FF93 /* FeedTableViewCell.swift in Sources */ = {isa = PBXBuildFile; fileRef = CEA443DC272A64060066FF93 /* FeedTableViewCell.swift */; };
		CEA443DF272A64060066FF93 /* FeedTableViewCell.xib in Resources */ = {isa = PBXBuildFile; fileRef = CEA443DD272A64060066FF93 /* FeedTableViewCell.xib */; };
		CEA443E2272A642B0066FF93 /* CommentTableViewCell.swift in Sources */ = {isa = PBXBuildFile; fileRef = CEA443E0272A642B0066FF93 /* CommentTableViewCell.swift */; };
		CEA443E3272A642B0066FF93 /* CommentTableViewCell.xib in Resources */ = {isa = PBXBuildFile; fileRef = CEA443E1272A642B0066FF93 /* CommentTableViewCell.xib */; };
		CEA443E5272A6E370066FF93 /* FeedTableViewController.swift in Sources */ = {isa = PBXBuildFile; fileRef = CEA443E4272A6E370066FF93 /* FeedTableViewController.swift */; };
/* End PBXBuildFile section */

/* Begin PBXFileReference section */
		CE2B32A3272B194D00E19B78 /* CommentsTableViewController.swift */ = {isa = PBXFileReference; lastKnownFileType = sourcecode.swift; path = CommentsTableViewController.swift; sourceTree = "<group>"; };
		CE2B32A5272B1BA200E19B78 /* Model.swift */ = {isa = PBXFileReference; lastKnownFileType = sourcecode.swift; path = Model.swift; sourceTree = "<group>"; };
		CEA443C5272A63CD0066FF93 /* TimelineFeedDemo.app */ = {isa = PBXFileReference; explicitFileType = wrapper.application; includeInIndex = 0; path = TimelineFeedDemo.app; sourceTree = BUILT_PRODUCTS_DIR; };
		CEA443C8272A63CD0066FF93 /* AppDelegate.swift */ = {isa = PBXFileReference; lastKnownFileType = sourcecode.swift; path = AppDelegate.swift; sourceTree = "<group>"; };
		CEA443CA272A63CD0066FF93 /* SceneDelegate.swift */ = {isa = PBXFileReference; lastKnownFileType = sourcecode.swift; path = SceneDelegate.swift; sourceTree = "<group>"; };
		CEA443CF272A63CD0066FF93 /* Base */ = {isa = PBXFileReference; lastKnownFileType = file.storyboard; name = Base; path = Base.lproj/Main.storyboard; sourceTree = "<group>"; };
		CEA443D1272A63D20066FF93 /* Assets.xcassets */ = {isa = PBXFileReference; lastKnownFileType = folder.assetcatalog; path = Assets.xcassets; sourceTree = "<group>"; };
		CEA443D4272A63D20066FF93 /* Base */ = {isa = PBXFileReference; lastKnownFileType = file.storyboard; name = Base; path = Base.lproj/LaunchScreen.storyboard; sourceTree = "<group>"; };
		CEA443D6272A63D20066FF93 /* Info.plist */ = {isa = PBXFileReference; lastKnownFileType = text.plist.xml; path = Info.plist; sourceTree = "<group>"; };
		CEA443DC272A64060066FF93 /* FeedTableViewCell.swift */ = {isa = PBXFileReference; lastKnownFileType = sourcecode.swift; path = FeedTableViewCell.swift; sourceTree = "<group>"; };
		CEA443DD272A64060066FF93 /* FeedTableViewCell.xib */ = {isa = PBXFileReference; lastKnownFileType = file.xib; path = FeedTableViewCell.xib; sourceTree = "<group>"; };
		CEA443E0272A642B0066FF93 /* CommentTableViewCell.swift */ = {isa = PBXFileReference; lastKnownFileType = sourcecode.swift; path = CommentTableViewCell.swift; sourceTree = "<group>"; };
		CEA443E1272A642B0066FF93 /* CommentTableViewCell.xib */ = {isa = PBXFileReference; lastKnownFileType = file.xib; path = CommentTableViewCell.xib; sourceTree = "<group>"; };
		CEA443E4272A6E370066FF93 /* FeedTableViewController.swift */ = {isa = PBXFileReference; lastKnownFileType = sourcecode.swift; path = FeedTableViewController.swift; sourceTree = "<group>"; };
/* End PBXFileReference section */

/* Begin PBXFrameworksBuildPhase section */
		CEA443C2272A63CD0066FF93 /* Frameworks */ = {
			isa = PBXFrameworksBuildPhase;
			buildActionMask = 2147483647;
			files = (
			);
			runOnlyForDeploymentPostprocessing = 0;
		};
/* End PBXFrameworksBuildPhase section */

/* Begin PBXGroup section */
		CEA443BC272A63CD0066FF93 = {
			isa = PBXGroup;
			children = (
				CEA443C7272A63CD0066FF93 /* TimelineFeedDemo */,
				CEA443C6272A63CD0066FF93 /* Products */,
			);
			sourceTree = "<group>";
		};
		CEA443C6272A63CD0066FF93 /* Products */ = {
			isa = PBXGroup;
			children = (
				CEA443C5272A63CD0066FF93 /* TimelineFeedDemo.app */,
			);
			name = Products;
			sourceTree = "<group>";
		};
		CEA443C7272A63CD0066FF93 /* TimelineFeedDemo */ = {
			isa = PBXGroup;
			children = (
				CEA443C8272A63CD0066FF93 /* AppDelegate.swift */,
				CEA443CA272A63CD0066FF93 /* SceneDelegate.swift */,
				CEA443E4272A6E370066FF93 /* FeedTableViewController.swift */,
				CEA443DC272A64060066FF93 /* FeedTableViewCell.swift */,
				CEA443E0272A642B0066FF93 /* CommentTableViewCell.swift */,
				CE2B32A3272B194D00E19B78 /* CommentsTableViewController.swift */,
				CE2B32A5272B1BA200E19B78 /* Model.swift */,
				CEA443E1272A642B0066FF93 /* CommentTableViewCell.xib */,
				CEA443DD272A64060066FF93 /* FeedTableViewCell.xib */,
				CEA443CE272A63CD0066FF93 /* Main.storyboard */,
				CEA443D1272A63D20066FF93 /* Assets.xcassets */,
				CEA443D3272A63D20066FF93 /* LaunchScreen.storyboard */,
				CEA443D6272A63D20066FF93 /* Info.plist */,
			);
			path = TimelineFeedDemo;
			sourceTree = "<group>";
		};
/* End PBXGroup section */

/* Begin PBXNativeTarget section */
		CEA443C4272A63CD0066FF93 /* TimelineFeedDemo */ = {
			isa = PBXNativeTarget;
			buildConfigurationList = CEA443D9272A63D20066FF93 /* Build configuration list for PBXNativeTarget "TimelineFeedDemo" */;
			buildPhases = (
				CEA443C1272A63CD0066FF93 /* Sources */,
				CEA443C2272A63CD0066FF93 /* Frameworks */,
				CEA443C3272A63CD0066FF93 /* Resources */,
			);
			buildRules = (
			);
			dependencies = (
			);
			name = TimelineFeedDemo;
			productName = TimelineFeedDemo;
			productReference = CEA443C5272A63CD0066FF93 /* TimelineFeedDemo.app */;
			productType = "com.apple.product-type.application";
		};
/* End PBXNativeTarget section */

/* Begin PBXProject section */
		CEA443BD272A63CD0066FF93 /* Project object */ = {
			isa = PBXProject;
			attributes = {
				BuildIndependentTargetsInParallel = 1;
				LastSwiftUpdateCheck = 1300;
				LastUpgradeCheck = 1300;
				TargetAttributes = {
					CEA443C4272A63CD0066FF93 = {
						CreatedOnToolsVersion = 13.0;
					};
				};
			};
			buildConfigurationList = CEA443C0272A63CD0066FF93 /* Build configuration list for PBXProject "TimelineFeedDemo" */;
			compatibilityVersion = "Xcode 13.0";
			developmentRegion = en;
			hasScannedForEncodings = 0;
			knownRegions = (
				en,
				Base,
			);
			mainGroup = CEA443BC272A63CD0066FF93;
			productRefGroup = CEA443C6272A63CD0066FF93 /* Products */;
			projectDirPath = "";
			projectRoot = "";
			targets = (
				CEA443C4272A63CD0066FF93 /* TimelineFeedDemo */,
			);
		};
/* End PBXProject section */

/* Begin PBXResourcesBuildPhase section */
		CEA443C3272A63CD0066FF93 /* Resources */ = {
			isa = PBXResourcesBuildPhase;
			buildActionMask = 2147483647;
			files = (
				CEA443D5272A63D20066FF93 /* LaunchScreen.storyboard in Resources */,
				CEA443DF272A64060066FF93 /* FeedTableViewCell.xib in Resources */,
				CEA443D2272A63D20066FF93 /* Assets.xcassets in Resources */,
				CEA443D0272A63CD0066FF93 /* Main.storyboard in Resources */,
				CEA443E3272A642B0066FF93 /* CommentTableViewCell.xib in Resources */,
			);
			runOnlyForDeploymentPostprocessing = 0;
		};
/* End PBXResourcesBuildPhase section */

/* Begin PBXSourcesBuildPhase section */
		CEA443C1272A63CD0066FF93 /* Sources */ = {
			isa = PBXSourcesBuildPhase;
			buildActionMask = 2147483647;
			files = (
				CE2B32A4272B194D00E19B78 /* CommentsTableViewController.swift in Sources */,
				CEA443E5272A6E370066FF93 /* FeedTableViewController.swift in Sources */,
				CEA443DE272A64060066FF93 /* FeedTableViewCell.swift in Sources */,
				CEA443E2272A642B0066FF93 /* CommentTableViewCell.swift in Sources */,
				CEA443C9272A63CD0066FF93 /* AppDelegate.swift in Sources */,
				CEA443CB272A63CD0066FF93 /* SceneDelegate.swift in Sources */,
				CE2B32A6272B1BA200E19B78 /* Model.swift in Sources */,
			);
			runOnlyForDeploymentPostprocessing = 0;
		};
/* End PBXSourcesBuildPhase section */

/* Begin PBXVariantGroup section */
		CEA443CE272A63CD0066FF93 /* Main.storyboard */ = {
			isa = PBXVariantGroup;
			children = (
				CEA443CF272A63CD0066FF93 /* Base */,
			);
			name = Main.storyboard;
			sourceTree = "<group>";
		};
		CEA443D3272A63D20066FF93 /* LaunchScreen.storyboard */ = {
			isa = PBXVariantGroup;
			children = (
				CEA443D4272A63D20066FF93 /* Base */,
			);
			name = LaunchScreen.storyboard;
			sourceTree = "<group>";
		};
/* End PBXVariantGroup section */

/* Begin XCBuildConfiguration section */
		CEA443D7272A63D20066FF93 /* Debug */ = {
			isa = XCBuildConfiguration;
			buildSettings = {
				ALWAYS_SEARCH_USER_PATHS = NO;
				CLANG_ANALYZER_NONNULL = YES;
				CLANG_ANALYZER_NUMBER_OBJECT_CONVERSION = YES_AGGRESSIVE;
				CLANG_CXX_LANGUAGE_STANDARD = "gnu++17";
				CLANG_CXX_LIBRARY = "libc++";
				CLANG_ENABLE_MODULES = YES;
				CLANG_ENABLE_OBJC_ARC = YES;
				CLANG_ENABLE_OBJC_WEAK = YES;
				CLANG_WARN_BLOCK_CAPTURE_AUTORELEASING = YES;
				CLANG_WARN_BOOL_CONVERSION = YES;
				CLANG_WARN_COMMA = YES;
				CLANG_WARN_CONSTANT_CONVERSION = YES;
				CLANG_WARN_DEPRECATED_OBJC_IMPLEMENTATIONS = YES;
				CLANG_WARN_DIRECT_OBJC_ISA_USAGE = YES_ERROR;
				CLANG_WARN_DOCUMENTATION_COMMENTS = YES;
				CLANG_WARN_EMPTY_BODY = YES;
				CLANG_WARN_ENUM_CONVERSION = YES;
				CLANG_WARN_INFINITE_RECURSION = YES;
				CLANG_WARN_INT_CONVERSION = YES;
				CLANG_WARN_NON_LITERAL_NULL_CONVERSION = YES;
				CLANG_WARN_OBJC_IMPLICIT_RETAIN_SELF = YES;
				CLANG_WARN_OBJC_LITERAL_CONVERSION = YES;
				CLANG_WARN_OBJC_ROOT_CLASS = YES_ERROR;
				CLANG_WARN_QUOTED_INCLUDE_IN_FRAMEWORK_HEADER = YES;
				CLANG_WARN_RANGE_LOOP_ANALYSIS = YES;
				CLANG_WARN_STRICT_PROTOTYPES = YES;
				CLANG_WARN_SUSPICIOUS_MOVE = YES;
				CLANG_WARN_UNGUARDED_AVAILABILITY = YES_AGGRESSIVE;
				CLANG_WARN_UNREACHABLE_CODE = YES;
				CLANG_WARN__DUPLICATE_METHOD_MATCH = YES;
				COPY_PHASE_STRIP = NO;
				DEBUG_INFORMATION_FORMAT = dwarf;
				ENABLE_STRICT_OBJC_MSGSEND = YES;
				ENABLE_TESTABILITY = YES;
				GCC_C_LANGUAGE_STANDARD = gnu11;
				GCC_DYNAMIC_NO_PIC = NO;
				GCC_NO_COMMON_BLOCKS = YES;
				GCC_OPTIMIZATION_LEVEL = 0;
				GCC_PREPROCESSOR_DEFINITIONS = (
					"DEBUG=1",
					"$(inherited)",
				);
				GCC_WARN_64_TO_32_BIT_CONVERSION = YES;
				GCC_WARN_ABOUT_RETURN_TYPE = YES_ERROR;
				GCC_WARN_UNDECLARED_SELECTOR = YES;
				GCC_WARN_UNINITIALIZED_AUTOS = YES_AGGRESSIVE;
				GCC_WARN_UNUSED_FUNCTION = YES;
				GCC_WARN_UNUSED_VARIABLE = YES;
				IPHONEOS_DEPLOYMENT_TARGET = 15.0;
				MTL_ENABLE_DEBUG_INFO = INCLUDE_SOURCE;
				MTL_FAST_MATH = YES;
				ONLY_ACTIVE_ARCH = YES;
				SDKROOT = iphoneos;
				SWIFT_ACTIVE_COMPILATION_CONDITIONS = DEBUG;
				SWIFT_OPTIMIZATION_LEVEL = "-Onone";
			};
			name = Debug;
		};
		CEA443D8272A63D20066FF93 /* Release */ = {
			isa = XCBuildConfiguration;
			buildSettings = {
				ALWAYS_SEARCH_USER_PATHS = NO;
				CLANG_ANALYZER_NONNULL = YES;
				CLANG_ANALYZER_NUMBER_OBJECT_CONVERSION = YES_AGGRESSIVE;
				CLANG_CXX_LANGUAGE_STANDARD = "gnu++17";
				CLANG_CXX_LIBRARY = "libc++";
				CLANG_ENABLE_MODULES = YES;
				CLANG_ENABLE_OBJC_ARC = YES;
				CLANG_ENABLE_OBJC_WEAK = YES;
				CLANG_WARN_BLOCK_CAPTURE_AUTORELEASING = YES;
				CLANG_WARN_BOOL_CONVERSION = YES;
				CLANG_WARN_COMMA = YES;
				CLANG_WARN_CONSTANT_CONVERSION = YES;
				CLANG_WARN_DEPRECATED_OBJC_IMPLEMENTATIONS = YES;
				CLANG_WARN_DIRECT_OBJC_ISA_USAGE = YES_ERROR;
				CLANG_WARN_DOCUMENTATION_COMMENTS = YES;
				CLANG_WARN_EMPTY_BODY = YES;
				CLANG_WARN_ENUM_CONVERSION = YES;
				CLANG_WARN_INFINITE_RECURSION = YES;
				CLANG_WARN_INT_CONVERSION = YES;
				CLANG_WARN_NON_LITERAL_NULL_CONVERSION = YES;
				CLANG_WARN_OBJC_IMPLICIT_RETAIN_SELF = YES;
				CLANG_WARN_OBJC_LITERAL_CONVERSION = YES;
				CLANG_WARN_OBJC_ROOT_CLASS = YES_ERROR;
				CLANG_WARN_QUOTED_INCLUDE_IN_FRAMEWORK_HEADER = YES;
				CLANG_WARN_RANGE_LOOP_ANALYSIS = YES;
				CLANG_WARN_STRICT_PROTOTYPES = YES;
				CLANG_WARN_SUSPICIOUS_MOVE = YES;
				CLANG_WARN_UNGUARDED_AVAILABILITY = YES_AGGRESSIVE;
				CLANG_WARN_UNREACHABLE_CODE = YES;
				CLANG_WARN__DUPLICATE_METHOD_MATCH = YES;
				COPY_PHASE_STRIP = NO;
				DEBUG_INFORMATION_FORMAT = "dwarf-with-dsym";
				ENABLE_NS_ASSERTIONS = NO;
				ENABLE_STRICT_OBJC_MSGSEND = YES;
				GCC_C_LANGUAGE_STANDARD = gnu11;
				GCC_NO_COMMON_BLOCKS = YES;
				GCC_WARN_64_TO_32_BIT_CONVERSION = YES;
				GCC_WARN_ABOUT_RETURN_TYPE = YES_ERROR;
				GCC_WARN_UNDECLARED_SELECTOR = YES;
				GCC_WARN_UNINITIALIZED_AUTOS = YES_AGGRESSIVE;
				GCC_WARN_UNUSED_FUNCTION = YES;
				GCC_WARN_UNUSED_VARIABLE = YES;
				IPHONEOS_DEPLOYMENT_TARGET = 15.0;
				MTL_ENABLE_DEBUG_INFO = NO;
				MTL_FAST_MATH = YES;
				SDKROOT = iphoneos;
				SWIFT_COMPILATION_MODE = wholemodule;
				SWIFT_OPTIMIZATION_LEVEL = "-O";
				VALIDATE_PRODUCT = YES;
			};
			name = Release;
		};
		CEA443DA272A63D20066FF93 /* Debug */ = {
			isa = XCBuildConfiguration;
			buildSettings = {
				ASSETCATALOG_COMPILER_APPICON_NAME = AppIcon;
				ASSETCATALOG_COMPILER_GLOBAL_ACCENT_COLOR_NAME = AccentColor;
				CODE_SIGN_STYLE = Automatic;
				CURRENT_PROJECT_VERSION = 1;
				DEVELOPMENT_TEAM = TTQKV8DY33;
				GENERATE_INFOPLIST_FILE = YES;
				INFOPLIST_FILE = TimelineFeedDemo/Info.plist;
				INFOPLIST_KEY_UIApplicationSupportsIndirectInputEvents = YES;
				INFOPLIST_KEY_UILaunchStoryboardName = LaunchScreen;
				INFOPLIST_KEY_UIMainStoryboardFile = Main;
				INFOPLIST_KEY_UISupportedInterfaceOrientations_iPad = "UIInterfaceOrientationPortrait UIInterfaceOrientationPortraitUpsideDown UIInterfaceOrientationLandscapeLeft UIInterfaceOrientationLandscapeRight";
				INFOPLIST_KEY_UISupportedInterfaceOrientations_iPhone = "UIInterfaceOrientationPortrait UIInterfaceOrientationLandscapeLeft UIInterfaceOrientationLandscapeRight";
				LD_RUNPATH_SEARCH_PATHS = (
					"$(inherited)",
					"@executable_path/Frameworks",
				);
				MARKETING_VERSION = 1.0;
				PRODUCT_BUNDLE_IDENTIFIER = com.training.TimelineFeedDemo;
				PRODUCT_NAME = "$(TARGET_NAME)";
				SWIFT_EMIT_LOC_STRINGS = YES;
				SWIFT_VERSION = 5.0;
				TARGETED_DEVICE_FAMILY = "1,2";
			};
			name = Debug;
		};
		CEA443DB272A63D20066FF93 /* Release */ = {
			isa = XCBuildConfiguration;
			buildSettings = {
				ASSETCATALOG_COMPILER_APPICON_NAME = AppIcon;
				ASSETCATALOG_COMPILER_GLOBAL_ACCENT_COLOR_NAME = AccentColor;
				CODE_SIGN_STYLE = Automatic;
				CURRENT_PROJECT_VERSION = 1;
				DEVELOPMENT_TEAM = TTQKV8DY33;
				GENERATE_INFOPLIST_FILE = YES;
				INFOPLIST_FILE = TimelineFeedDemo/Info.plist;
				INFOPLIST_KEY_UIApplicationSupportsIndirectInputEvents = YES;
				INFOPLIST_KEY_UILaunchStoryboardName = LaunchScreen;
				INFOPLIST_KEY_UIMainStoryboardFile = Main;
				INFOPLIST_KEY_UISupportedInterfaceOrientations_iPad = "UIInterfaceOrientationPortrait UIInterfaceOrientationPortraitUpsideDown UIInterfaceOrientationLandscapeLeft UIInterfaceOrientationLandscapeRight";
				INFOPLIST_KEY_UISupportedInterfaceOrientations_iPhone = "UIInterfaceOrientationPortrait UIInterfaceOrientationLandscapeLeft UIInterfaceOrientationLandscapeRight";
				LD_RUNPATH_SEARCH_PATHS = (
					"$(inherited)",
					"@executable_path/Frameworks",
				);
				MARKETING_VERSION = 1.0;
				PRODUCT_BUNDLE_IDENTIFIER = com.training.TimelineFeedDemo;
				PRODUCT_NAME = "$(TARGET_NAME)";
				SWIFT_EMIT_LOC_STRINGS = YES;
				SWIFT_VERSION = 5.0;
				TARGETED_DEVICE_FAMILY = "1,2";
			};
			name = Release;
		};
/* End XCBuildConfiguration section */

/* Begin XCConfigurationList section */
		CEA443C0272A63CD0066FF93 /* Build configuration list for PBXProject "TimelineFeedDemo" */ = {
			isa = XCConfigurationList;
			buildConfigurations = (
				CEA443D7272A63D20066FF93 /* Debug */,
				CEA443D8272A63D20066FF93 /* Release */,
			);
			defaultConfigurationIsVisible = 0;
			defaultConfigurationName = Release;
		};
		CEA443D9272A63D20066FF93 /* Build configuration list for PBXNativeTarget "TimelineFeedDemo" */ = {
			isa = XCConfigurationList;
			buildConfigurations = (
				CEA443DA272A63D20066FF93 /* Debug */,
				CEA443DB272A63D20066FF93 /* Release */,
			);
			defaultConfigurationIsVisible = 0;
			defaultConfigurationName = Release;
		};
/* End XCConfigurationList section */
	};
	rootObject = CEA443BD272A63CD0066FF93 /* Project object */;
}
